
Microsoft Visual Studio Solution File, Format Version 12.00
# Visual Studio Version 16
VisualStudioVersion = 16.0.30011.22
MinimumVisualStudioVersion = 10.0.40219.1
Project("{FAE04EC0-301F-11D3-BF4B-00C04F79EFBC}") = "RestSampleNew", "RestSampleNew\RestSampleNew.csproj", "{FFA9E016-4144-4345-826E-8486CFD6B0AA}"
EndProject
Project("{FAE04EC0-301F-11D3-BF4B-00C04F79EFBC}") = "RestSample.Logic", "RestSample.Logic\RestSample.Logic.csproj", "{4F55B616-04A7-41FC-B7F8-610469D06992}"
EndProject
Project("{FAE04EC0-301F-11D3-BF4B-00C04F79EFBC}") = "RestSample.Data", "RestSample.Data\RestSample.Data.csproj", "{4AD0EB39-AE32-4521-98E2-604FFF1864B5}"
EndProject
Project("{FAE04EC0-301F-11D3-BF4B-00C04F79EFBC}") = "RestSample.Logic.Test", "RestSample.Logic.Test\RestSample.Logic.Test.csproj", "{CB874DCE-1EEE-4063-9BA7-E63CF48992DF}"
EndProject
Global
	GlobalSection(SolutionConfigurationPlatforms) = preSolution
		Debug|Any CPU = Debug|Any CPU
		Release|Any CPU = Release|Any CPU
	EndGlobalSection
	GlobalSection(ProjectConfigurationPlatforms) = postSolution
		{FFA9E016-4144-4345-826E-8486CFD6B0AA}.Debug|Any CPU.ActiveCfg = Debug|Any CPU
		{FFA9E016-4144-4345-826E-8486CFD6B0AA}.Debug|Any CPU.Build.0 = Debug|Any CPU
		{FFA9E016-4144-4345-826E-8486CFD6B0AA}.Release|Any CPU.ActiveCfg = Release|Any CPU
		{FFA9E016-4144-4345-826E-8486CFD6B0AA}.Release|Any CPU.Build.0 = Release|Any CPU
		{4F55B616-04A7-41FC-B7F8-610469D06992}.Debug|Any CPU.ActiveCfg = Debug|Any CPU
		{4F55B616-04A7-41FC-B7F8-610469D06992}.Debug|Any CPU.Build.0 = Debug|Any CPU
		{4F55B616-04A7-41FC-B7F8-610469D06992}.Release|Any CPU.ActiveCfg = Release|Any CPU
		{4F55B616-04A7-41FC-B7F8-610469D06992}.Release|Any CPU.Build.0 = Release|Any CPU
		{4AD0EB39-AE32-4521-98E2-604FFF1864B5}.Debug|Any CPU.ActiveCfg = Debug|Any CPU
		{4AD0EB39-AE32-4521-98E2-604FFF1864B5}.Debug|Any CPU.Build.0 = Debug|Any CPU
		{4AD0EB39-AE32-4521-98E2-604FFF1864B5}.Release|Any CPU.ActiveCfg = Release|Any CPU
		{4AD0EB39-AE32-4521-98E2-604FFF1864B5}.Release|Any CPU.Build.0 = Release|Any CPU
		{CB874DCE-1EEE-4063-9BA7-E63CF48992DF}.Debug|Any CPU.ActiveCfg = Debug|Any CPU
		{CB874DCE-1EEE-4063-9BA7-E63CF48992DF}.Debug|Any CPU.Build.0 = Debug|Any CPU
		{CB874DCE-1EEE-4063-9BA7-E63CF48992DF}.Release|Any CPU.ActiveCfg = Release|Any CPU
		{CB874DCE-1EEE-4063-9BA7-E63CF48992DF}.Release|Any CPU.Build.0 = Release|Any CPU
	EndGlobalSection
	GlobalSection(SolutionProperties) = preSolution
		HideSolutionNode = FALSE
	EndGlobalSection
	GlobalSection(ExtensibilityGlobals) = postSolution
		SolutionGuid = {AE6C565E-685B-49CE-8538-3CD7BB27F951}
	EndGlobalSection
EndGlobal
